
Microsoft Visual Studio Solution File, Format Version 12.00
# Visual Studio Version 16
VisualStudioVersion = 16.0.30907.101
MinimumVisualStudioVersion = 10.0.40219.1
Project("{FAE04EC0-301F-11D3-BF4B-00C04F79EFBC}") = "ReflectionSample", "ReflectionSample\ReflectionSample.csproj", "{DE65DD7D-9DAE-4102-B29C-03276742EB2B}"
EndProject
Project("{FAE04EC0-301F-11D3-BF4B-00C04F79EFBC}") = "ExecTest", "ExecTest\ExecTest.csproj", "{48CE08C3-C3F7-45C2-B764-5D0CE14B79F6}"
EndProject
Project("{FAE04EC0-301F-11D3-BF4B-00C04F79EFBC}") = "ExternalExeCall", "ExternalExeCall\ExternalExeCall.csproj", "{074D07BF-12F5-4995-B74F-9955F0B14D5E}"
EndProject
Project("{FAE04EC0-301F-11D3-BF4B-00C04F79EFBC}") = "BasicWebServerUrlParser", "BasicWebServer\BasicWebServerUrlParser.csproj", "{B6A28AAE-DA86-41D3-8A15-9B529A3AD71C}"
EndProject
Project("{9A19103F-16F7-4668-BE54-9A1E7A4F7556}") = "serveurBasique", "HTTPListener\serveurBasique\serveurBasique.csproj", "{6433F7A4-A2F4-45FE-8222-3C5F267D4159}"
EndProject
Project("{9A19103F-16F7-4668-BE54-9A1E7A4F7556}") = "WebDynamic", "WebDynamic\WebDynamic.csproj", "{7277E598-9D9E-4CEC-80B4-F19DA8571EAC}"
EndProject
Project("{9A19103F-16F7-4668-BE54-9A1E7A4F7556}") = "ExecGenerator", "ExecGenerator\ExecGenerator.csproj", "{ED519B71-717D-4C7D-B121-FD473795DFC4}"
EndProject
Project("{9A19103F-16F7-4668-BE54-9A1E7A4F7556}") = "TD3", "..\TD3\TD3\TD3.csproj", "{23820001-643E-4A81-A5E8-893B75F1ADFB}"
EndProject
Project("{FAE04EC0-301F-11D3-BF4B-00C04F79EFBC}") = "FirstSOAP", "..\webFront\firstSOAP\FirstSOAP\FirstSOAP.csproj", "{BAB41B23-85D3-45A6-8BD2-0F5F962F3377}"
EndProject
Project("{2150E333-8FDC-42A3-9474-1A3956D46DE8}") = "Solution Items", "Solution Items", "{166BABC9-71C4-4E7F-A51C-92F905312E9D}"
	ProjectSection(SolutionItems) = preProject
		..\webFront\materials\index.html = ..\webFront\materials\index.html
		..\webFront\materials\main.js = ..\webFront\materials\main.js
	EndProjectSection
EndProject
Project("{E24C65DC-7377-472B-9ABA-BC803B73C61A}") = "materials", "..\webFront\materials\", "{EB740E96-0003-473D-804C-357A6CAA5D89}"
	ProjectSection(WebsiteProperties) = preProject
		TargetFrameworkMoniker = ".NETFramework,Version%3Dv4.0"
		Debug.AspNetCompiler.VirtualPath = "/localhost_61737"
		Debug.AspNetCompiler.PhysicalPath = "..\webFront\materials\"
		Debug.AspNetCompiler.TargetPath = "PrecompiledWeb\localhost_61737\"
		Debug.AspNetCompiler.Updateable = "true"
		Debug.AspNetCompiler.ForceOverwrite = "true"
		Debug.AspNetCompiler.FixedNames = "false"
		Debug.AspNetCompiler.Debug = "True"
		Release.AspNetCompiler.VirtualPath = "/localhost_61737"
		Release.AspNetCompiler.PhysicalPath = "..\webFront\materials\"
		Release.AspNetCompiler.TargetPath = "PrecompiledWeb\localhost_61737\"
		Release.AspNetCompiler.Updateable = "true"
		Release.AspNetCompiler.ForceOverwrite = "true"
		Release.AspNetCompiler.FixedNames = "false"
		Release.AspNetCompiler.Debug = "False"
		VWDPort = "61737"
	EndProjectSection
EndProject
Project("{E24C65DC-7377-472B-9ABA-BC803B73C61A}") = "helper", "..\webFront\helper\", "{DA54B4F4-4606-4944-B605-CE0E125D9DF7}"
	ProjectSection(WebsiteProperties) = preProject
		TargetFrameworkMoniker = ".NETFramework,Version%3Dv4.0"
		Debug.AspNetCompiler.VirtualPath = "/localhost_61861"
		Debug.AspNetCompiler.PhysicalPath = "..\webFront\helper\"
		Debug.AspNetCompiler.TargetPath = "PrecompiledWeb\localhost_61861\"
		Debug.AspNetCompiler.Updateable = "true"
		Debug.AspNetCompiler.ForceOverwrite = "true"
		Debug.AspNetCompiler.FixedNames = "false"
		Debug.AspNetCompiler.Debug = "True"
		Release.AspNetCompiler.VirtualPath = "/localhost_61861"
		Release.AspNetCompiler.PhysicalPath = "..\webFront\helper\"
		Release.AspNetCompiler.TargetPath = "PrecompiledWeb\localhost_61861\"
		Release.AspNetCompiler.Updateable = "true"
		Release.AspNetCompiler.ForceOverwrite = "true"
		Release.AspNetCompiler.FixedNames = "false"
		Release.AspNetCompiler.Debug = "False"
		VWDPort = "61861"
	EndProjectSection
EndProject
Global
	GlobalSection(SolutionConfigurationPlatforms) = preSolution
		Debug|Any CPU = Debug|Any CPU
		Release|Any CPU = Release|Any CPU
	EndGlobalSection
	GlobalSection(ProjectConfigurationPlatforms) = postSolution
		{DE65DD7D-9DAE-4102-B29C-03276742EB2B}.Debug|Any CPU.ActiveCfg = Debug|Any CPU
		{DE65DD7D-9DAE-4102-B29C-03276742EB2B}.Debug|Any CPU.Build.0 = Debug|Any CPU
		{DE65DD7D-9DAE-4102-B29C-03276742EB2B}.Release|Any CPU.ActiveCfg = Release|Any CPU
		{DE65DD7D-9DAE-4102-B29C-03276742EB2B}.Release|Any CPU.Build.0 = Release|Any CPU
		{48CE08C3-C3F7-45C2-B764-5D0CE14B79F6}.Debug|Any CPU.ActiveCfg = Debug|Any CPU
		{48CE08C3-C3F7-45C2-B764-5D0CE14B79F6}.Debug|Any CPU.Build.0 = Debug|Any CPU
		{48CE08C3-C3F7-45C2-B764-5D0CE14B79F6}.Release|Any CPU.ActiveCfg = Release|Any CPU
		{48CE08C3-C3F7-45C2-B764-5D0CE14B79F6}.Release|Any CPU.Build.0 = Release|Any CPU
		{074D07BF-12F5-4995-B74F-9955F0B14D5E}.Debug|Any CPU.ActiveCfg = Debug|Any CPU
		{074D07BF-12F5-4995-B74F-9955F0B14D5E}.Debug|Any CPU.Build.0 = Debug|Any CPU
		{074D07BF-12F5-4995-B74F-9955F0B14D5E}.Release|Any CPU.ActiveCfg = Release|Any CPU
		{074D07BF-12F5-4995-B74F-9955F0B14D5E}.Release|Any CPU.Build.0 = Release|Any CPU
		{B6A28AAE-DA86-41D3-8A15-9B529A3AD71C}.Debug|Any CPU.ActiveCfg = Debug|Any CPU
		{B6A28AAE-DA86-41D3-8A15-9B529A3AD71C}.Debug|Any CPU.Build.0 = Debug|Any CPU
		{B6A28AAE-DA86-41D3-8A15-9B529A3AD71C}.Release|Any CPU.ActiveCfg = Release|Any CPU
		{B6A28AAE-DA86-41D3-8A15-9B529A3AD71C}.Release|Any CPU.Build.0 = Release|Any CPU
		{6433F7A4-A2F4-45FE-8222-3C5F267D4159}.Debug|Any CPU.ActiveCfg = Debug|Any CPU
		{6433F7A4-A2F4-45FE-8222-3C5F267D4159}.Debug|Any CPU.Build.0 = Debug|Any CPU
		{6433F7A4-A2F4-45FE-8222-3C5F267D4159}.Release|Any CPU.ActiveCfg = Release|Any CPU
		{6433F7A4-A2F4-45FE-8222-3C5F267D4159}.Release|Any CPU.Build.0 = Release|Any CPU
		{7277E598-9D9E-4CEC-80B4-F19DA8571EAC}.Debug|Any CPU.ActiveCfg = Debug|Any CPU
		{7277E598-9D9E-4CEC-80B4-F19DA8571EAC}.Debug|Any CPU.Build.0 = Debug|Any CPU
		{7277E598-9D9E-4CEC-80B4-F19DA8571EAC}.Release|Any CPU.ActiveCfg = Release|Any CPU
		{7277E598-9D9E-4CEC-80B4-F19DA8571EAC}.Release|Any CPU.Build.0 = Release|Any CPU
		{ED519B71-717D-4C7D-B121-FD473795DFC4}.Debug|Any CPU.ActiveCfg = Debug|Any CPU
		{ED519B71-717D-4C7D-B121-FD473795DFC4}.Debug|Any CPU.Build.0 = Debug|Any CPU
		{ED519B71-717D-4C7D-B121-FD473795DFC4}.Release|Any CPU.ActiveCfg = Release|Any CPU
		{ED519B71-717D-4C7D-B121-FD473795DFC4}.Release|Any CPU.Build.0 = Release|Any CPU
		{23820001-643E-4A81-A5E8-893B75F1ADFB}.Debug|Any CPU.ActiveCfg = Debug|Any CPU
		{23820001-643E-4A81-A5E8-893B75F1ADFB}.Debug|Any CPU.Build.0 = Debug|Any CPU
		{23820001-643E-4A81-A5E8-893B75F1ADFB}.Release|Any CPU.ActiveCfg = Release|Any CPU
		{23820001-643E-4A81-A5E8-893B75F1ADFB}.Release|Any CPU.Build.0 = Release|Any CPU
		{BAB41B23-85D3-45A6-8BD2-0F5F962F3377}.Debug|Any CPU.ActiveCfg = Debug|Any CPU
		{BAB41B23-85D3-45A6-8BD2-0F5F962F3377}.Debug|Any CPU.Build.0 = Debug|Any CPU
		{BAB41B23-85D3-45A6-8BD2-0F5F962F3377}.Release|Any CPU.ActiveCfg = Release|Any CPU
		{BAB41B23-85D3-45A6-8BD2-0F5F962F3377}.Release|Any CPU.Build.0 = Release|Any CPU
		{EB740E96-0003-473D-804C-357A6CAA5D89}.Debug|Any CPU.ActiveCfg = Debug|Any CPU
		{EB740E96-0003-473D-804C-357A6CAA5D89}.Debug|Any CPU.Build.0 = Debug|Any CPU
		{EB740E96-0003-473D-804C-357A6CAA5D89}.Release|Any CPU.ActiveCfg = Debug|Any CPU
		{EB740E96-0003-473D-804C-357A6CAA5D89}.Release|Any CPU.Build.0 = Debug|Any CPU
		{DA54B4F4-4606-4944-B605-CE0E125D9DF7}.Debug|Any CPU.ActiveCfg = Debug|Any CPU
		{DA54B4F4-4606-4944-B605-CE0E125D9DF7}.Debug|Any CPU.Build.0 = Debug|Any CPU
		{DA54B4F4-4606-4944-B605-CE0E125D9DF7}.Release|Any CPU.ActiveCfg = Debug|Any CPU
		{DA54B4F4-4606-4944-B605-CE0E125D9DF7}.Release|Any CPU.Build.0 = Debug|Any CPU
	EndGlobalSection
	GlobalSection(SolutionProperties) = preSolution
		HideSolutionNode = FALSE
	EndGlobalSection
	GlobalSection(ExtensibilityGlobals) = postSolution
		SolutionGuid = {EB2F176A-128D-4176-B75A-A077013CA20D}
	EndGlobalSection
EndGlobal
